
Microsoft Visual Studio Solution File, Format Version 12.00
# Visual Studio Version 17
VisualStudioVersion = 17.13.35931.197 d17.13
MinimumVisualStudioVersion = 10.0.40219.1
Project("{FAE04EC0-301F-11D3-BF4B-00C04F79EFBC}") = "EFCodeFirstCreateView", "EFCodeFirstCreateView.csproj", "{1B1F06BB-7149-400A-992A-D8C10D9EF864}"
EndProject
Global
	GlobalSection(SolutionConfigurationPlatforms) = preSolution
		Debug|Any CPU = Debug|Any CPU
		Release|Any CPU = Release|Any CPU
	EndGlobalSection
	GlobalSection(ProjectConfigurationPlatforms) = postSolution
		{1B1F06BB-7149-400A-992A-D8C10D9EF864}.Debug|Any CPU.ActiveCfg = Debug|Any CPU
		{1B1F06BB-7149-400A-992A-D8C10D9EF864}.Debug|Any CPU.Build.0 = Debug|Any CPU
		{1B1F06BB-7149-400A-992A-D8C10D9EF864}.Release|Any CPU.ActiveCfg = Release|Any CPU
		{1B1F06BB-7149-400A-992A-D8C10D9EF864}.Release|Any CPU.Build.0 = Release|Any CPU
	EndGlobalSection
	GlobalSection(SolutionProperties) = preSolution
		HideSolutionNode = FALSE
	EndGlobalSection
	GlobalSection(ExtensibilityGlobals) = postSolution
		SolutionGuid = {01C93B3F-2230-4622-9C72-46DA099628CD}
	EndGlobalSection
EndGlobal
